// !$*UTF8*$!
{
	archiveVersion = 1;
	classes = {
	};
	objectVersion = 50;
	objects = {

/* Begin PBXBuildFile section */
		1249731B247AD8D900E32215 /* AppDelegate.swift in Sources */ = {isa = PBXBuildFile; fileRef = 1249731A247AD8D900E32215 /* AppDelegate.swift */; };
		1249731D247AD8D900E32215 /* SceneDelegate.swift in Sources */ = {isa = PBXBuildFile; fileRef = 1249731C247AD8D900E32215 /* SceneDelegate.swift */; };
		1249731F247AD8D900E32215 /* ViewController.swift in Sources */ = {isa = PBXBuildFile; fileRef = 1249731E247AD8D900E32215 /* ViewController.swift */; };
		12497322247AD8D900E32215 /* Main.storyboard in Resources */ = {isa = PBXBuildFile; fileRef = 12497320247AD8D900E32215 /* Main.storyboard */; };
		12497324247AD8DA00E32215 /* Assets.xcassets in Resources */ = {isa = PBXBuildFile; fileRef = 12497323247AD8DA00E32215 /* Assets.xcassets */; };
		1281C91F247C282300C94408 /* AudioToolbox.framework in Frameworks */ = {isa = PBXBuildFile; fileRef = 1281C91E247C282200C94408 /* AudioToolbox.framework */; };
		1281C921247C282C00C94408 /* AVFoundation.framework in Frameworks */ = {isa = PBXBuildFile; fileRef = 1281C920247C282C00C94408 /* AVFoundation.framework */; };
		1281C923247C284300C94408 /* CFNetwork.framework in Frameworks */ = {isa = PBXBuildFile; fileRef = 1281C922247C284300C94408 /* CFNetwork.framework */; };
		1281C925247C284B00C94408 /* CoreFoundation.framework in Frameworks */ = {isa = PBXBuildFile; fileRef = 1281C924247C284A00C94408 /* CoreFoundation.framework */; };
		1281C927247C285300C94408 /* CoreGraphics.framework in Frameworks */ = {isa = PBXBuildFile; fileRef = 1281C926247C285300C94408 /* CoreGraphics.framework */; };
		1281C929247C285C00C94408 /* CoreMedia.framework in Frameworks */ = {isa = PBXBuildFile; fileRef = 1281C928247C285C00C94408 /* CoreMedia.framework */; };
		1281C92B247C286400C94408 /* CoreText.framework in Frameworks */ = {isa = PBXBuildFile; fileRef = 1281C92A247C286400C94408 /* CoreText.framework */; };
		1281C92D247C286C00C94408 /* CoreVideo.framework in Frameworks */ = {isa = PBXBuildFile; fileRef = 1281C92C247C286C00C94408 /* CoreVideo.framework */; };
		1281C92F247C287400C94408 /* Foundation.framework in Frameworks */ = {isa = PBXBuildFile; fileRef = 1281C92E247C287400C94408 /* Foundation.framework */; };
		1281C931247C288000C94408 /* libbz2.tbd in Frameworks */ = {isa = PBXBuildFile; fileRef = 1281C930247C288000C94408 /* libbz2.tbd */; };
		1281C933247C288B00C94408 /* libiconv.tbd in Frameworks */ = {isa = PBXBuildFile; fileRef = 1281C932247C288B00C94408 /* libiconv.tbd */; };
		1281C935247C289300C94408 /* OpenGLES.framework in Frameworks */ = {isa = PBXBuildFile; fileRef = 1281C934247C289300C94408 /* OpenGLES.framework */; };
		1281C937247C289B00C94408 /* QuartzCore.framework in Frameworks */ = {isa = PBXBuildFile; fileRef = 1281C936247C289B00C94408 /* QuartzCore.framework */; };
		1281C939247C28A500C94408 /* Security.framework in Frameworks */ = {isa = PBXBuildFile; fileRef = 1281C938247C28A500C94408 /* Security.framework */; };
		1281C93B247C28AC00C94408 /* VideoToolbox.framework in Frameworks */ = {isa = PBXBuildFile; fileRef = 1281C93A247C28AC00C94408 /* VideoToolbox.framework */; };
		1281C93D247C28B400C94408 /* UIKit.framework in Frameworks */ = {isa = PBXBuildFile; fileRef = 1281C93C247C28B400C94408 /* UIKit.framework */; };
		1281C940247C299A00C94408 /* header.m in Sources */ = {isa = PBXBuildFile; fileRef = 1281C93F247C299A00C94408 /* header.m */; };
		C7D5C3799E93825F777EDD7B /* Pods_ProjectP.framework in Frameworks */ = {isa = PBXBuildFile; fileRef = 6EDB48042F645E29AD7DA287 /* Pods_ProjectP.framework */; };
/* End PBXBuildFile section */

/* Begin PBXFileReference section */
		12497317247AD8D900E32215 /* Rms.app */ = {isa = PBXFileReference; explicitFileType = wrapper.application; includeInIndex = 0; path = Rms.app; sourceTree = BUILT_PRODUCTS_DIR; };
		1249731A247AD8D900E32215 /* AppDelegate.swift */ = {isa = PBXFileReference; lastKnownFileType = sourcecode.swift; path = AppDelegate.swift; sourceTree = "<group>"; };
		1249731C247AD8D900E32215 /* SceneDelegate.swift */ = {isa = PBXFileReference; lastKnownFileType = sourcecode.swift; path = SceneDelegate.swift; sourceTree = "<group>"; };
		1249731E247AD8D900E32215 /* ViewController.swift */ = {isa = PBXFileReference; lastKnownFileType = sourcecode.swift; path = ViewController.swift; sourceTree = "<group>"; };
		12497321247AD8D900E32215 /* Base */ = {isa = PBXFileReference; lastKnownFileType = file.storyboard; name = Base; path = Base.lproj/Main.storyboard; sourceTree = "<group>"; };
		12497323247AD8DA00E32215 /* Assets.xcassets */ = {isa = PBXFileReference; lastKnownFileType = folder.assetcatalog; path = Assets.xcassets; sourceTree = "<group>"; };
		12497328247AD8DA00E32215 /* Info.plist */ = {isa = PBXFileReference; lastKnownFileType = text.plist.xml; path = Info.plist; sourceTree = "<group>"; };
		1281C91E247C282200C94408 /* AudioToolbox.framework */ = {isa = PBXFileReference; lastKnownFileType = wrapper.framework; name = AudioToolbox.framework; path = System/Library/Frameworks/AudioToolbox.framework; sourceTree = SDKROOT; };
		1281C920247C282C00C94408 /* AVFoundation.framework */ = {isa = PBXFileReference; lastKnownFileType = wrapper.framework; name = AVFoundation.framework; path = System/Library/Frameworks/AVFoundation.framework; sourceTree = SDKROOT; };
		1281C922247C284300C94408 /* CFNetwork.framework */ = {isa = PBXFileReference; lastKnownFileType = wrapper.framework; name = CFNetwork.framework; path = System/Library/Frameworks/CFNetwork.framework; sourceTree = SDKROOT; };
		1281C924247C284A00C94408 /* CoreFoundation.framework */ = {isa = PBXFileReference; lastKnownFileType = wrapper.framework; name = CoreFoundation.framework; path = System/Library/Frameworks/CoreFoundation.framework; sourceTree = SDKROOT; };
		1281C926247C285300C94408 /* CoreGraphics.framework */ = {isa = PBXFileReference; lastKnownFileType = wrapper.framework; name = CoreGraphics.framework; path = System/Library/Frameworks/CoreGraphics.framework; sourceTree = SDKROOT; };
		1281C928247C285C00C94408 /* CoreMedia.framework */ = {isa = PBXFileReference; lastKnownFileType = wrapper.framework; name = CoreMedia.framework; path = System/Library/Frameworks/CoreMedia.framework; sourceTree = SDKROOT; };
		1281C92A247C286400C94408 /* CoreText.framework */ = {isa = PBXFileReference; lastKnownFileType = wrapper.framework; name = CoreText.framework; path = System/Library/Frameworks/CoreText.framework; sourceTree = SDKROOT; };
		1281C92C247C286C00C94408 /* CoreVideo.framework */ = {isa = PBXFileReference; lastKnownFileType = wrapper.framework; name = CoreVideo.framework; path = System/Library/Frameworks/CoreVideo.framework; sourceTree = SDKROOT; };
		1281C92E247C287400C94408 /* Foundation.framework */ = {isa = PBXFileReference; lastKnownFileType = wrapper.framework; name = Foundation.framework; path = System/Library/Frameworks/Foundation.framework; sourceTree = SDKROOT; };
		1281C930247C288000C94408 /* libbz2.tbd */ = {isa = PBXFileReference; lastKnownFileType = "sourcecode.text-based-dylib-definition"; name = libbz2.tbd; path = usr/lib/libbz2.tbd; sourceTree = SDKROOT; };
		1281C932247C288B00C94408 /* libiconv.tbd */ = {isa = PBXFileReference; lastKnownFileType = "sourcecode.text-based-dylib-definition"; name = libiconv.tbd; path = usr/lib/libiconv.tbd; sourceTree = SDKROOT; };
		1281C934247C289300C94408 /* OpenGLES.framework */ = {isa = PBXFileReference; lastKnownFileType = wrapper.framework; name = OpenGLES.framework; path = System/Library/Frameworks/OpenGLES.framework; sourceTree = SDKROOT; };
		1281C936247C289B00C94408 /* QuartzCore.framework */ = {isa = PBXFileReference; lastKnownFileType = wrapper.framework; name = QuartzCore.framework; path = System/Library/Frameworks/QuartzCore.framework; sourceTree = SDKROOT; };
		1281C938247C28A500C94408 /* Security.framework */ = {isa = PBXFileReference; lastKnownFileType = wrapper.framework; name = Security.framework; path = System/Library/Frameworks/Security.framework; sourceTree = SDKROOT; };
		1281C93A247C28AC00C94408 /* VideoToolbox.framework */ = {isa = PBXFileReference; lastKnownFileType = wrapper.framework; name = VideoToolbox.framework; path = System/Library/Frameworks/VideoToolbox.framework; sourceTree = SDKROOT; };
		1281C93C247C28B400C94408 /* UIKit.framework */ = {isa = PBXFileReference; lastKnownFileType = wrapper.framework; name = UIKit.framework; path = System/Library/Frameworks/UIKit.framework; sourceTree = SDKROOT; };
		1281C93E247C299A00C94408 /* ProjectP-Bridging-Header.h */ = {isa = PBXFileReference; lastKnownFileType = sourcecode.c.h; path = "ProjectP-Bridging-Header.h"; sourceTree = "<group>"; };
		1281C93F247C299A00C94408 /* header.m */ = {isa = PBXFileReference; lastKnownFileType = sourcecode.c.objc; path = header.m; sourceTree = "<group>"; };
		18C747AA69519648CA02E792 /* Pods-ProjectP.debug.xcconfig */ = {isa = PBXFileReference; includeInIndex = 1; lastKnownFileType = text.xcconfig; name = "Pods-ProjectP.debug.xcconfig"; path = "Target Support Files/Pods-ProjectP/Pods-ProjectP.debug.xcconfig"; sourceTree = "<group>"; };
		6EDB48042F645E29AD7DA287 /* Pods_ProjectP.framework */ = {isa = PBXFileReference; explicitFileType = wrapper.framework; includeInIndex = 0; path = Pods_ProjectP.framework; sourceTree = BUILT_PRODUCTS_DIR; };
		ECF09D1F5225B67057884AA3 /* Pods-ProjectP.release.xcconfig */ = {isa = PBXFileReference; includeInIndex = 1; lastKnownFileType = text.xcconfig; name = "Pods-ProjectP.release.xcconfig"; path = "Target Support Files/Pods-ProjectP/Pods-ProjectP.release.xcconfig"; sourceTree = "<group>"; };
/* End PBXFileReference section */

/* Begin PBXFrameworksBuildPhase section */
		12497314247AD8D900E32215 /* Frameworks */ = {
			isa = PBXFrameworksBuildPhase;
			buildActionMask = 2147483647;
			files = (
				1281C93D247C28B400C94408 /* UIKit.framework in Frameworks */,
				1281C93B247C28AC00C94408 /* VideoToolbox.framework in Frameworks */,
				1281C939247C28A500C94408 /* Security.framework in Frameworks */,
				1281C937247C289B00C94408 /* QuartzCore.framework in Frameworks */,
				1281C935247C289300C94408 /* OpenGLES.framework in Frameworks */,
				1281C933247C288B00C94408 /* libiconv.tbd in Frameworks */,
				1281C931247C288000C94408 /* libbz2.tbd in Frameworks */,
				1281C92F247C287400C94408 /* Foundation.framework in Frameworks */,
				1281C92D247C286C00C94408 /* CoreVideo.framework in Frameworks */,
				1281C92B247C286400C94408 /* CoreText.framework in Frameworks */,
				1281C929247C285C00C94408 /* CoreMedia.framework in Frameworks */,
				1281C927247C285300C94408 /* CoreGraphics.framework in Frameworks */,
				1281C925247C284B00C94408 /* CoreFoundation.framework in Frameworks */,
				1281C923247C284300C94408 /* CFNetwork.framework in Frameworks */,
				1281C921247C282C00C94408 /* AVFoundation.framework in Frameworks */,
				1281C91F247C282300C94408 /* AudioToolbox.framework in Frameworks */,
				C7D5C3799E93825F777EDD7B /* Pods_ProjectP.framework in Frameworks */,
			);
			runOnlyForDeploymentPostprocessing = 0;
		};
/* End PBXFrameworksBuildPhase section */

/* Begin PBXGroup section */
		1249730E247AD8D900E32215 = {
			isa = PBXGroup;
			children = (
				12497319247AD8D900E32215 /* ProjectP */,
				12497318247AD8D900E32215 /* Products */,
				670A7D7932FE2B15F4762DA2 /* Pods */,
				ED096DC630D7AA2A67FB3D01 /* Frameworks */,
			);
			sourceTree = "<group>";
		};
		12497318247AD8D900E32215 /* Products */ = {
			isa = PBXGroup;
			children = (
				12497317247AD8D900E32215 /* Rms.app */,
			);
			name = Products;
			sourceTree = "<group>";
		};
		12497319247AD8D900E32215 /* ProjectP */ = {
			isa = PBXGroup;
			children = (
				1249731A247AD8D900E32215 /* AppDelegate.swift */,
				1249731C247AD8D900E32215 /* SceneDelegate.swift */,
				1249731E247AD8D900E32215 /* ViewController.swift */,
				12497320247AD8D900E32215 /* Main.storyboard */,
				12497323247AD8DA00E32215 /* Assets.xcassets */,
				12497328247AD8DA00E32215 /* Info.plist */,
				1281C93F247C299A00C94408 /* header.m */,
				1281C93E247C299A00C94408 /* ProjectP-Bridging-Header.h */,
			);
			path = ProjectP;
			sourceTree = "<group>";
		};
		670A7D7932FE2B15F4762DA2 /* Pods */ = {
			isa = PBXGroup;
			children = (
				18C747AA69519648CA02E792 /* Pods-ProjectP.debug.xcconfig */,
				ECF09D1F5225B67057884AA3 /* Pods-ProjectP.release.xcconfig */,
			);
			path = Pods;
			sourceTree = "<group>";
		};
		ED096DC630D7AA2A67FB3D01 /* Frameworks */ = {
			isa = PBXGroup;
			children = (
				1281C93C247C28B400C94408 /* UIKit.framework */,
				1281C93A247C28AC00C94408 /* VideoToolbox.framework */,
				1281C938247C28A500C94408 /* Security.framework */,
				1281C936247C289B00C94408 /* QuartzCore.framework */,
				1281C934247C289300C94408 /* OpenGLES.framework */,
				1281C932247C288B00C94408 /* libiconv.tbd */,
				1281C930247C288000C94408 /* libbz2.tbd */,
				1281C92E247C287400C94408 /* Foundation.framework */,
				1281C92C247C286C00C94408 /* CoreVideo.framework */,
				1281C92A247C286400C94408 /* CoreText.framework */,
				1281C928247C285C00C94408 /* CoreMedia.framework */,
				1281C926247C285300C94408 /* CoreGraphics.framework */,
				1281C924247C284A00C94408 /* CoreFoundation.framework */,
				1281C922247C284300C94408 /* CFNetwork.framework */,
				1281C920247C282C00C94408 /* AVFoundation.framework */,
				1281C91E247C282200C94408 /* AudioToolbox.framework */,
				6EDB48042F645E29AD7DA287 /* Pods_ProjectP.framework */,
			);
			name = Frameworks;
			sourceTree = "<group>";
		};
/* End PBXGroup section */

/* Begin PBXNativeTarget section */
		12497316247AD8D900E32215 /* ProjectP */ = {
			isa = PBXNativeTarget;
			buildConfigurationList = 1249732B247AD8DA00E32215 /* Build configuration list for PBXNativeTarget "ProjectP" */;
			buildPhases = (
				2429AF1EBF3B25EC659A57D0 /* [CP] Check Pods Manifest.lock */,
				12497313247AD8D900E32215 /* Sources */,
				12497314247AD8D900E32215 /* Frameworks */,
				12497315247AD8D900E32215 /* Resources */,
			);
			buildRules = (
			);
			dependencies = (
			);
			name = ProjectP;
			productName = ProjectP;
			productReference = 12497317247AD8D900E32215 /* Rms.app */;
			productType = "com.apple.product-type.application";
		};
/* End PBXNativeTarget section */

/* Begin PBXProject section */
		1249730F247AD8D900E32215 /* Project object */ = {
			isa = PBXProject;
			attributes = {
				LastSwiftUpdateCheck = 1150;
				LastUpgradeCheck = 1150;
				ORGANIZATIONNAME = "Ben FRISSON";
				TargetAttributes = {
					12497316247AD8D900E32215 = {
						CreatedOnToolsVersion = 11.5;
						LastSwiftMigration = 1150;
					};
				};
			};
			buildConfigurationList = 12497312247AD8D900E32215 /* Build configuration list for PBXProject "ProjectP" */;
			compatibilityVersion = "Xcode 9.3";
			developmentRegion = en;
			hasScannedForEncodings = 0;
			knownRegions = (
				en,
				Base,
			);
			mainGroup = 1249730E247AD8D900E32215;
			productRefGroup = 12497318247AD8D900E32215 /* Products */;
			projectDirPath = "";
			projectRoot = "";
			targets = (
				12497316247AD8D900E32215 /* ProjectP */,
			);
		};
/* End PBXProject section */

/* Begin PBXResourcesBuildPhase section */
		12497315247AD8D900E32215 /* Resources */ = {
			isa = PBXResourcesBuildPhase;
			buildActionMask = 2147483647;
			files = (
				12497324247AD8DA00E32215 /* Assets.xcassets in Resources */,
				12497322247AD8D900E32215 /* Main.storyboard in Resources */,
			);
			runOnlyForDeploymentPostprocessing = 0;
		};
/* End PBXResourcesBuildPhase section */

/* Begin PBXShellScriptBuildPhase section */
		2429AF1EBF3B25EC659A57D0 /* [CP] Check Pods Manifest.lock */ = {
			isa = PBXShellScriptBuildPhase;
			buildActionMask = 2147483647;
			files = (
			);
			inputFileListPaths = (
			);
			inputPaths = (
				"${PODS_PODFILE_DIR_PATH}/Podfile.lock",
				"${PODS_ROOT}/Manifest.lock",
			);
			name = "[CP] Check Pods Manifest.lock";
			outputFileListPaths = (
			);
			outputPaths = (
				"$(DERIVED_FILE_DIR)/Pods-ProjectP-checkManifestLockResult.txt",
			);
			runOnlyForDeploymentPostprocessing = 0;
			shellPath = /bin/sh;
			shellScript = "diff \"${PODS_PODFILE_DIR_PATH}/Podfile.lock\" \"${PODS_ROOT}/Manifest.lock\" > /dev/null\nif [ $? != 0 ] ; then\n    # print error to STDERR\n    echo \"error: The sandbox is not in sync with the Podfile.lock. Run 'pod install' or update your CocoaPods installation.\" >&2\n    exit 1\nfi\n# This output is used by Xcode 'outputs' to avoid re-running this script phase.\necho \"SUCCESS\" > \"${SCRIPT_OUTPUT_FILE_0}\"\n";
			showEnvVarsInLog = 0;
		};
/* End PBXShellScriptBuildPhase section */

/* Begin PBXSourcesBuildPhase section */
		12497313247AD8D900E32215 /* Sources */ = {
			isa = PBXSourcesBuildPhase;
			buildActionMask = 2147483647;
			files = (
				1281C940247C299A00C94408 /* header.m in Sources */,
				1249731F247AD8D900E32215 /* ViewController.swift in Sources */,
				1249731B247AD8D900E32215 /* AppDelegate.swift in Sources */,
				1249731D247AD8D900E32215 /* SceneDelegate.swift in Sources */,
			);
			runOnlyForDeploymentPostprocessing = 0;
		};
/* End PBXSourcesBuildPhase section */

/* Begin PBXVariantGroup section */
		12497320247AD8D900E32215 /* Main.storyboard */ = {
			isa = PBXVariantGroup;
			children = (
				12497321247AD8D900E32215 /* Base */,
			);
			name = Main.storyboard;
			sourceTree = "<group>";
		};
/* End PBXVariantGroup section */

/* Begin XCBuildConfiguration section */
		12497329247AD8DA00E32215 /* Debug */ = {
			isa = XCBuildConfiguration;
			buildSettings = {
				ALWAYS_SEARCH_USER_PATHS = NO;
				CLANG_ANALYZER_NONNULL = YES;
				CLANG_ANALYZER_NUMBER_OBJECT_CONVERSION = YES_AGGRESSIVE;
				CLANG_CXX_LANGUAGE_STANDARD = "gnu++14";
				CLANG_CXX_LIBRARY = "libc++";
				CLANG_ENABLE_MODULES = YES;
				CLANG_ENABLE_OBJC_ARC = YES;
				CLANG_ENABLE_OBJC_WEAK = YES;
				CLANG_WARN_BLOCK_CAPTURE_AUTORELEASING = YES;
				CLANG_WARN_BOOL_CONVERSION = YES;
				CLANG_WARN_COMMA = YES;
				CLANG_WARN_CONSTANT_CONVERSION = YES;
				CLANG_WARN_DEPRECATED_OBJC_IMPLEMENTATIONS = YES;
				CLANG_WARN_DIRECT_OBJC_ISA_USAGE = YES_ERROR;
				CLANG_WARN_DOCUMENTATION_COMMENTS = YES;
				CLANG_WARN_EMPTY_BODY = YES;
				CLANG_WARN_ENUM_CONVERSION = YES;
				CLANG_WARN_INFINITE_RECURSION = YES;
				CLANG_WARN_INT_CONVERSION = YES;
				CLANG_WARN_NON_LITERAL_NULL_CONVERSION = YES;
				CLANG_WARN_OBJC_IMPLICIT_RETAIN_SELF = YES;
				CLANG_WARN_OBJC_LITERAL_CONVERSION = YES;
				CLANG_WARN_OBJC_ROOT_CLASS = YES_ERROR;
				CLANG_WARN_RANGE_LOOP_ANALYSIS = YES;
				CLANG_WARN_STRICT_PROTOTYPES = YES;
				CLANG_WARN_SUSPICIOUS_MOVE = YES;
				CLANG_WARN_UNGUARDED_AVAILABILITY = YES_AGGRESSIVE;
				CLANG_WARN_UNREACHABLE_CODE = YES;
				CLANG_WARN__DUPLICATE_METHOD_MATCH = YES;
				COPY_PHASE_STRIP = NO;
				DEBUG_INFORMATION_FORMAT = dwarf;
				ENABLE_STRICT_OBJC_MSGSEND = YES;
				ENABLE_TESTABILITY = YES;
				GCC_C_LANGUAGE_STANDARD = gnu11;
				GCC_DYNAMIC_NO_PIC = NO;
				GCC_NO_COMMON_BLOCKS = YES;
				GCC_OPTIMIZATION_LEVEL = 0;
				GCC_PREPROCESSOR_DEFINITIONS = (
					"DEBUG=1",
					"$(inherited)",
				);
				GCC_WARN_64_TO_32_BIT_CONVERSION = YES;
				GCC_WARN_ABOUT_RETURN_TYPE = YES_ERROR;
				GCC_WARN_UNDECLARED_SELECTOR = YES;
				GCC_WARN_UNINITIALIZED_AUTOS = YES_AGGRESSIVE;
				GCC_WARN_UNUSED_FUNCTION = YES;
				GCC_WARN_UNUSED_VARIABLE = YES;
				IPHONEOS_DEPLOYMENT_TARGET = 13.5;
				MTL_ENABLE_DEBUG_INFO = INCLUDE_SOURCE;
				MTL_FAST_MATH = YES;
				ONLY_ACTIVE_ARCH = YES;
				SDKROOT = iphoneos;
				SWIFT_ACTIVE_COMPILATION_CONDITIONS = DEBUG;
				SWIFT_OPTIMIZATION_LEVEL = "-Onone";
			};
			name = Debug;
		};
		1249732A247AD8DA00E32215 /* Release */ = {
			isa = XCBuildConfiguration;
			buildSettings = {
				ALWAYS_SEARCH_USER_PATHS = NO;
				CLANG_ANALYZER_NONNULL = YES;
				CLANG_ANALYZER_NUMBER_OBJECT_CONVERSION = YES_AGGRESSIVE;
				CLANG_CXX_LANGUAGE_STANDARD = "gnu++14";
				CLANG_CXX_LIBRARY = "libc++";
				CLANG_ENABLE_MODULES = YES;
				CLANG_ENABLE_OBJC_ARC = YES;
				CLANG_ENABLE_OBJC_WEAK = YES;
				CLANG_WARN_BLOCK_CAPTURE_AUTORELEASING = YES;
				CLANG_WARN_BOOL_CONVERSION = YES;
				CLANG_WARN_COMMA = YES;
				CLANG_WARN_CONSTANT_CONVERSION = YES;
				CLANG_WARN_DEPRECATED_OBJC_IMPLEMENTATIONS = YES;
				CLANG_WARN_DIRECT_OBJC_ISA_USAGE = YES_ERROR;
				CLANG_WARN_DOCUMENTATION_COMMENTS = YES;
				CLANG_WARN_EMPTY_BODY = YES;
				CLANG_WARN_ENUM_CONVERSION = YES;
				CLANG_WARN_INFINITE_RECURSION = YES;
				CLANG_WARN_INT_CONVERSION = YES;
				CLANG_WARN_NON_LITERAL_NULL_CONVERSION = YES;
				CLANG_WARN_OBJC_IMPLICIT_RETAIN_SELF = YES;
				CLANG_WARN_OBJC_LITERAL_CONVERSION = YES;
				CLANG_WARN_OBJC_ROOT_CLASS = YES_ERROR;
				CLANG_WARN_RANGE_LOOP_ANALYSIS = YES;
				CLANG_WARN_STRICT_PROTOTYPES = YES;
				CLANG_WARN_SUSPICIOUS_MOVE = YES;
				CLANG_WARN_UNGUARDED_AVAILABILITY = YES_AGGRESSIVE;
				CLANG_WARN_UNREACHABLE_CODE = YES;
				CLANG_WARN__DUPLICATE_METHOD_MATCH = YES;
				COPY_PHASE_STRIP = NO;
				DEBUG_INFORMATION_FORMAT = "dwarf-with-dsym";
				ENABLE_NS_ASSERTIONS = NO;
				ENABLE_STRICT_OBJC_MSGSEND = YES;
				GCC_C_LANGUAGE_STANDARD = gnu11;
				GCC_NO_COMMON_BLOCKS = YES;
				GCC_WARN_64_TO_32_BIT_CONVERSION = YES;
				GCC_WARN_ABOUT_RETURN_TYPE = YES_ERROR;
				GCC_WARN_UNDECLARED_SELECTOR = YES;
				GCC_WARN_UNINITIALIZED_AUTOS = YES_AGGRESSIVE;
				GCC_WARN_UNUSED_FUNCTION = YES;
				GCC_WARN_UNUSED_VARIABLE = YES;
				IPHONEOS_DEPLOYMENT_TARGET = 13.5;
				MTL_ENABLE_DEBUG_INFO = NO;
				MTL_FAST_MATH = YES;
				SDKROOT = iphoneos;
				SWIFT_COMPILATION_MODE = wholemodule;
				SWIFT_OPTIMIZATION_LEVEL = "-O";
				VALIDATE_PRODUCT = YES;
			};
			name = Release;
		};
		1249732C247AD8DA00E32215 /* Debug */ = {
			isa = XCBuildConfiguration;
			baseConfigurationReference = 18C747AA69519648CA02E792 /* Pods-ProjectP.debug.xcconfig */;
			buildSettings = {
				ASSETCATALOG_COMPILER_APPICON_NAME = AppIcon;
				CLANG_ENABLE_MODULES = YES;
				CODE_SIGNING_ALLOWED = NO;
				CODE_SIGN_IDENTITY = "";
				CODE_SIGN_STYLE = Manual;
				DEVELOPMENT_TEAM = "";
				ENABLE_BITCODE = NO;
				INFOPLIST_FILE = ProjectP/Info.plist;
				LD_RUNPATH_SEARCH_PATHS = (
					"$(inherited)",
					"@executable_path/Frameworks",
				);
				MARKETING_VERSION = 1.2;
				OTHER_CFLAGS = "-fembed-bitcode";
				PRODUCT_BUNDLE_IDENTIFIER = WorkingTime.ProjectP;
				PRODUCT_NAME = Rms;
				PROVISIONING_PROFILE_SPECIFIER = "";
				SWIFT_OBJC_BRIDGING_HEADER = "ProjectP/ProjectP-Bridging-Header.h";
				SWIFT_OPTIMIZATION_LEVEL = "-Onone";
				SWIFT_VERSION = 5.0;
				TARGETED_DEVICE_FAMILY = 1;
			};
			name = Debug;
		};
		1249732D247AD8DA00E32215 /* Release */ = {
			isa = XCBuildConfiguration;
			baseConfigurationReference = ECF09D1F5225B67057884AA3 /* Pods-ProjectP.release.xcconfig */;
			buildSettings = {
				ASSETCATALOG_COMPILER_APPICON_NAME = AppIcon;
				CLANG_ENABLE_MODULES = YES;
				CODE_SIGNING_ALLOWED = NO;
				CODE_SIGN_IDENTITY = "";
				CODE_SIGN_STYLE = Manual;
				DEVELOPMENT_TEAM = "";
				ENABLE_BITCODE = NO;
				INFOPLIST_FILE = ProjectP/Info.plist;
				LD_RUNPATH_SEARCH_PATHS = (
					"$(inherited)",
					"@executable_path/Frameworks",
				);
				MARKETING_VERSION = 1.2;
				OTHER_CFLAGS = "-fembed-bitcode";
				PRODUCT_BUNDLE_IDENTIFIER = WorkingTime.ProjectP;
				PRODUCT_NAME = Rms;
				PROVISIONING_PROFILE_SPECIFIER = "";
				SWIFT_OBJC_BRIDGING_HEADER = "ProjectP/ProjectP-Bridging-Header.h";
				SWIFT_VERSION = 5.0;
				TARGETED_DEVICE_FAMILY = 1;
			};
			name = Release;
		};
/* End XCBuildConfiguration section */

/* Begin XCConfigurationList section */
		12497312247AD8D900E32215 /* Build configuration list for PBXProject "ProjectP" */ = {
			isa = XCConfigurationList;
			buildConfigurations = (
				12497329247AD8DA00E32215 /* Debug */,
				1249732A247AD8DA00E32215 /* Release */,
			);
			defaultConfigurationIsVisible = 0;
			defaultConfigurationName = Release;
		};
		1249732B247AD8DA00E32215 /* Build configuration list for PBXNativeTarget "ProjectP" */ = {
			isa = XCConfigurationList;
			buildConfigurations = (
				1249732C247AD8DA00E32215 /* Debug */,
				1249732D247AD8DA00E32215 /* Release */,
			);
			defaultConfigurationIsVisible = 0;
			defaultConfigurationName = Release;
		};
/* End XCConfigurationList section */
	};
	rootObject = 1249730F247AD8D900E32215 /* Project object */;
}
